
Microsoft Visual Studio Solution File, Format Version 12.00
# Visual Studio 14
VisualStudioVersion = 14.0.25420.1
MinimumVisualStudioVersion = 10.0.40219.1
Project("{FAE04EC0-301F-11D3-BF4B-00C04F79EFBC}") = "JsonWebTokenServer", "JsonWebTokenServer\JsonWebTokenServer.csproj", "{AED5C2A3-1F55-4760-A7A4-80C28854184D}"
EndProject
Global
	GlobalSection(SolutionConfigurationPlatforms) = preSolution
		Debug|Any CPU = Debug|Any CPU
		Release|Any CPU = Release|Any CPU
	EndGlobalSection
	GlobalSection(ProjectConfigurationPlatforms) = postSolution
		{AED5C2A3-1F55-4760-A7A4-80C28854184D}.Debug|Any CPU.ActiveCfg = Debug|Any CPU
		{AED5C2A3-1F55-4760-A7A4-80C28854184D}.Debug|Any CPU.Build.0 = Debug|Any CPU
		{AED5C2A3-1F55-4760-A7A4-80C28854184D}.Release|Any CPU.ActiveCfg = Release|Any CPU
		{AED5C2A3-1F55-4760-A7A4-80C28854184D}.Release|Any CPU.Build.0 = Release|Any CPU
	EndGlobalSection
	GlobalSection(SolutionProperties) = preSolution
		HideSolutionNode = FALSE
	EndGlobalSection
EndGlobal
